
Microsoft Visual Studio Solution File, Format Version 9.00
# Visual Studio 2005
Project("{8BC9CEB8-8B4A-11D0-8D11-00A0C91BC942}") = "udpSender", "udpSender\udpSender.vcproj", "{F7D4FF66-158B-4781-A139-1D9EDFABFCB9}"
EndProject
Project("{8BC9CEB8-8B4A-11D0-8D11-00A0C91BC942}") = "udpReceiver", "udpReceiver\udpReceiver.vcproj", "{77B1511E-A374-4B8E-94DE-7AAE49A30480}"
EndProject
Project("{8BC9CEB8-8B4A-11D0-8D11-00A0C91BC942}") = "threadPoolEx1", "threadPoolEx1\threadPoolEx1.vcproj", "{26DAFEF8-0A42-4DF6-9BFB-7947E7568F3B}"
EndProject
Project("{8BC9CEB8-8B4A-11D0-8D11-00A0C91BC942}") = "eventTest", "eventTest\eventTest.vcproj", "{CBF0D59A-55FC-417D-94A4-296A86393BF7}"
EndProject
Project("{8BC9CEB8-8B4A-11D0-8D11-00A0C91BC942}") = "stream", "stream\stream.vcproj", "{9E24C3DE-AAEB-4110-AC9B-FBB8EE453AC7}"
EndProject
Project("{8BC9CEB8-8B4A-11D0-8D11-00A0C91BC942}") = "aot_ch14_AceStream", "aot_ch14_AceStream\aot_ch14_AceStream.vcproj", "{BD4778E8-EB10-43AB-91D9-EA409E4E6E5A}"
EndProject
Project("{8BC9CEB8-8B4A-11D0-8D11-00A0C91BC942}") = "streamWithThreadPool", "streamWithThreadPool\streamWithThreadPool.vcproj", "{58BC43CE-4F2F-4394-A0BD-31D3D873867D}"
EndProject
Project("{8BC9CEB8-8B4A-11D0-8D11-00A0C91BC942}") = "reactor1", "reactor1\reactor1.vcproj", "{B9FF38AC-718C-4889-8334-A65C20715DA9}"
EndProject
Project("{8BC9CEB8-8B4A-11D0-8D11-00A0C91BC942}") = "reactorQueue", "reactorQueue\reactorQueue.vcproj", "{70FFF09B-FBC3-464E-927A-C35221ABD363}"
EndProject
Project("{8BC9CEB8-8B4A-11D0-8D11-00A0C91BC942}") = "aot15_client", "aot15_client\aot15_client.vcproj", "{F483A76B-9FB8-43E6-AEE2-37A2F569CEBC}"
EndProject
Project("{8BC9CEB8-8B4A-11D0-8D11-00A0C91BC942}") = "aot15_server", "aot15_server\aot15_server.vcproj", "{BAC77EBC-21B0-42C7-959D-75217C07AFAC}"
EndProject
Project("{8BC9CEB8-8B4A-11D0-8D11-00A0C91BC942}") = "bidirStream", "bidirStream\bidirStream.vcproj", "{F9224704-C4AA-410F-A836-2038F75B05B2}"
EndProject
Global
	GlobalSection(SolutionConfigurationPlatforms) = preSolution
		Debug|Win32 = Debug|Win32
		Release|Win32 = Release|Win32
	EndGlobalSection
	GlobalSection(ProjectConfigurationPlatforms) = postSolution
		{F7D4FF66-158B-4781-A139-1D9EDFABFCB9}.Debug|Win32.ActiveCfg = Debug|Win32
		{F7D4FF66-158B-4781-A139-1D9EDFABFCB9}.Debug|Win32.Build.0 = Debug|Win32
		{F7D4FF66-158B-4781-A139-1D9EDFABFCB9}.Release|Win32.ActiveCfg = Release|Win32
		{F7D4FF66-158B-4781-A139-1D9EDFABFCB9}.Release|Win32.Build.0 = Release|Win32
		{77B1511E-A374-4B8E-94DE-7AAE49A30480}.Debug|Win32.ActiveCfg = Debug|Win32
		{77B1511E-A374-4B8E-94DE-7AAE49A30480}.Debug|Win32.Build.0 = Debug|Win32
		{77B1511E-A374-4B8E-94DE-7AAE49A30480}.Release|Win32.ActiveCfg = Release|Win32
		{77B1511E-A374-4B8E-94DE-7AAE49A30480}.Release|Win32.Build.0 = Release|Win32
		{26DAFEF8-0A42-4DF6-9BFB-7947E7568F3B}.Debug|Win32.ActiveCfg = Debug|Win32
		{26DAFEF8-0A42-4DF6-9BFB-7947E7568F3B}.Debug|Win32.Build.0 = Debug|Win32
		{26DAFEF8-0A42-4DF6-9BFB-7947E7568F3B}.Release|Win32.ActiveCfg = Release|Win32
		{26DAFEF8-0A42-4DF6-9BFB-7947E7568F3B}.Release|Win32.Build.0 = Release|Win32
		{CBF0D59A-55FC-417D-94A4-296A86393BF7}.Debug|Win32.ActiveCfg = Debug|Win32
		{CBF0D59A-55FC-417D-94A4-296A86393BF7}.Debug|Win32.Build.0 = Debug|Win32
		{CBF0D59A-55FC-417D-94A4-296A86393BF7}.Release|Win32.ActiveCfg = Release|Win32
		{CBF0D59A-55FC-417D-94A4-296A86393BF7}.Release|Win32.Build.0 = Release|Win32
		{9E24C3DE-AAEB-4110-AC9B-FBB8EE453AC7}.Debug|Win32.ActiveCfg = Debug|Win32
		{9E24C3DE-AAEB-4110-AC9B-FBB8EE453AC7}.Debug|Win32.Build.0 = Debug|Win32
		{9E24C3DE-AAEB-4110-AC9B-FBB8EE453AC7}.Release|Win32.ActiveCfg = Release|Win32
		{9E24C3DE-AAEB-4110-AC9B-FBB8EE453AC7}.Release|Win32.Build.0 = Release|Win32
		{BD4778E8-EB10-43AB-91D9-EA409E4E6E5A}.Debug|Win32.ActiveCfg = Debug|Win32
		{BD4778E8-EB10-43AB-91D9-EA409E4E6E5A}.Debug|Win32.Build.0 = Debug|Win32
		{BD4778E8-EB10-43AB-91D9-EA409E4E6E5A}.Release|Win32.ActiveCfg = Release|Win32
		{BD4778E8-EB10-43AB-91D9-EA409E4E6E5A}.Release|Win32.Build.0 = Release|Win32
		{58BC43CE-4F2F-4394-A0BD-31D3D873867D}.Debug|Win32.ActiveCfg = Debug|Win32
		{58BC43CE-4F2F-4394-A0BD-31D3D873867D}.Debug|Win32.Build.0 = Debug|Win32
		{58BC43CE-4F2F-4394-A0BD-31D3D873867D}.Release|Win32.ActiveCfg = Release|Win32
		{58BC43CE-4F2F-4394-A0BD-31D3D873867D}.Release|Win32.Build.0 = Release|Win32
		{B9FF38AC-718C-4889-8334-A65C20715DA9}.Debug|Win32.ActiveCfg = Debug|Win32
		{B9FF38AC-718C-4889-8334-A65C20715DA9}.Debug|Win32.Build.0 = Debug|Win32
		{B9FF38AC-718C-4889-8334-A65C20715DA9}.Release|Win32.ActiveCfg = Release|Win32
		{B9FF38AC-718C-4889-8334-A65C20715DA9}.Release|Win32.Build.0 = Release|Win32
		{70FFF09B-FBC3-464E-927A-C35221ABD363}.Debug|Win32.ActiveCfg = Debug|Win32
		{70FFF09B-FBC3-464E-927A-C35221ABD363}.Debug|Win32.Build.0 = Debug|Win32
		{70FFF09B-FBC3-464E-927A-C35221ABD363}.Release|Win32.ActiveCfg = Release|Win32
		{70FFF09B-FBC3-464E-927A-C35221ABD363}.Release|Win32.Build.0 = Release|Win32
		{F483A76B-9FB8-43E6-AEE2-37A2F569CEBC}.Debug|Win32.ActiveCfg = Debug|Win32
		{F483A76B-9FB8-43E6-AEE2-37A2F569CEBC}.Debug|Win32.Build.0 = Debug|Win32
		{F483A76B-9FB8-43E6-AEE2-37A2F569CEBC}.Release|Win32.ActiveCfg = Release|Win32
		{F483A76B-9FB8-43E6-AEE2-37A2F569CEBC}.Release|Win32.Build.0 = Release|Win32
		{BAC77EBC-21B0-42C7-959D-75217C07AFAC}.Debug|Win32.ActiveCfg = Debug|Win32
		{BAC77EBC-21B0-42C7-959D-75217C07AFAC}.Debug|Win32.Build.0 = Debug|Win32
		{BAC77EBC-21B0-42C7-959D-75217C07AFAC}.Release|Win32.ActiveCfg = Release|Win32
		{BAC77EBC-21B0-42C7-959D-75217C07AFAC}.Release|Win32.Build.0 = Release|Win32
		{F9224704-C4AA-410F-A836-2038F75B05B2}.Debug|Win32.ActiveCfg = Debug|Win32
		{F9224704-C4AA-410F-A836-2038F75B05B2}.Debug|Win32.Build.0 = Debug|Win32
		{F9224704-C4AA-410F-A836-2038F75B05B2}.Release|Win32.ActiveCfg = Release|Win32
		{F9224704-C4AA-410F-A836-2038F75B05B2}.Release|Win32.Build.0 = Release|Win32
	EndGlobalSection
	GlobalSection(SolutionProperties) = preSolution
		HideSolutionNode = FALSE
	EndGlobalSection
EndGlobal
